
Microsoft Visual Studio Solution File, Format Version 12.00
# Visual Studio 15
VisualStudioVersion = 15.0.27130.2003
MinimumVisualStudioVersion = 10.0.40219.1
Project("{FAE04EC0-301F-11D3-BF4B-00C04F79EFBC}") = "WebAPI", "WebAPI\WebAPI.csproj", "{B8AC4BC7-8C66-4440-9C68-8A4CC845958D}"
EndProject
Global
	GlobalSection(SolutionConfigurationPlatforms) = preSolution
		Debug|Any CPU = Debug|Any CPU
		Release|Any CPU = Release|Any CPU
	EndGlobalSection
	GlobalSection(ProjectConfigurationPlatforms) = postSolution
		{B8AC4BC7-8C66-4440-9C68-8A4CC845958D}.Debug|Any CPU.ActiveCfg = Debug|Any CPU
		{B8AC4BC7-8C66-4440-9C68-8A4CC845958D}.Debug|Any CPU.Build.0 = Debug|Any CPU
		{B8AC4BC7-8C66-4440-9C68-8A4CC845958D}.Release|Any CPU.ActiveCfg = Release|Any CPU
		{B8AC4BC7-8C66-4440-9C68-8A4CC845958D}.Release|Any CPU.Build.0 = Release|Any CPU
	EndGlobalSection
	GlobalSection(SolutionProperties) = preSolution
		HideSolutionNode = FALSE
	EndGlobalSection
	GlobalSection(ExtensibilityGlobals) = postSolution
		SolutionGuid = {539D7CD5-44B5-43BA-AFD0-68DEF09258D4}
	EndGlobalSection
EndGlobal
